
Microsoft Visual Studio Solution File, Format Version 12.00
# Visual Studio Version 17
VisualStudioVersion = 17.14.36429.23 d17.14
MinimumVisualStudioVersion = 10.0.40219.1
Project("{FAE04EC0-301F-11D3-BF4B-00C04F79EFBC}") = "RideSphere", "RideSphere.csproj", "{E3F993ED-972F-434A-B3E3-27352D459DFE}"
EndProject
Global
	GlobalSection(SolutionConfigurationPlatforms) = preSolution
		Debug|Any CPU = Debug|Any CPU
		Release|Any CPU = Release|Any CPU
	EndGlobalSection
	GlobalSection(ProjectConfigurationPlatforms) = postSolution
		{E3F993ED-972F-434A-B3E3-27352D459DFE}.Debug|Any CPU.ActiveCfg = Debug|Any CPU
		{E3F993ED-972F-434A-B3E3-27352D459DFE}.Debug|Any CPU.Build.0 = Debug|Any CPU
		{E3F993ED-972F-434A-B3E3-27352D459DFE}.Release|Any CPU.ActiveCfg = Release|Any CPU
		{E3F993ED-972F-434A-B3E3-27352D459DFE}.Release|Any CPU.Build.0 = Release|Any CPU
	EndGlobalSection
	GlobalSection(SolutionProperties) = preSolution
		HideSolutionNode = FALSE
	EndGlobalSection
	GlobalSection(ExtensibilityGlobals) = postSolution
		SolutionGuid = {D570567E-AD7A-4CE4-890B-16EBA1EF177E}
	EndGlobalSection
EndGlobal
